{
  "name": "electron-native-plugin",
  "version": "0.1.0",
  "lockfileVersion": 1,
  "requires": true,
  "dependencies": {
    "@types/node": {
      "version": "10.1.4",
      "resolved": "https://registry.npmjs.org/@types/node/-/node-10.1.4.tgz",
      "integrity": "sha512-GpQxofkdlHYxjHad98UUdNoMO7JrmzQZoAaghtNg14Gwg7YkohcrCoJEcEMSgllx4VIZ+mYw7ZHjfaeIagP/rg==",
      "dev": true
    }
  }
}
